
Microsoft Visual Studio Solution File, Format Version 12.00
# Visual Studio Version 17
VisualStudioVersion = 17.1.32328.378
MinimumVisualStudioVersion = 10.0.40219.1
Project("{FAE04EC0-301F-11D3-BF4B-00C04F79EFBC}") = "Day06", "Day06\Day06.csproj", "{19ACE4B4-4B4D-4DED-AE55-6047CF3F7743}"
EndProject
Global
	GlobalSection(SolutionConfigurationPlatforms) = preSolution
		Debug|Any CPU = Debug|Any CPU
		Release|Any CPU = Release|Any CPU
	EndGlobalSection
	GlobalSection(ProjectConfigurationPlatforms) = postSolution
		{19ACE4B4-4B4D-4DED-AE55-6047CF3F7743}.Debug|Any CPU.ActiveCfg = Debug|Any CPU
		{19ACE4B4-4B4D-4DED-AE55-6047CF3F7743}.Debug|Any CPU.Build.0 = Debug|Any CPU
		{19ACE4B4-4B4D-4DED-AE55-6047CF3F7743}.Release|Any CPU.ActiveCfg = Release|Any CPU
		{19ACE4B4-4B4D-4DED-AE55-6047CF3F7743}.Release|Any CPU.Build.0 = Release|Any CPU
	EndGlobalSection
	GlobalSection(SolutionProperties) = preSolution
		HideSolutionNode = FALSE
	EndGlobalSection
	GlobalSection(ExtensibilityGlobals) = postSolution
		SolutionGuid = {25F04BB9-1081-425F-8318-312D4A4A4025}
	EndGlobalSection
EndGlobal
